
Microsoft Visual Studio Solution File, Format Version 12.00
# Visual Studio 15
VisualStudioVersion = 15.0.27130.2027
MinimumVisualStudioVersion = 10.0.40219.1
Project("{9A19103F-16F7-4668-BE54-9A1E7A4F7556}") = "OperationResult", "OperationResult\OperationResult.csproj", "{BDA4CB62-00D6-4B41-B92D-DCC87B2C16D2}"
EndProject
Project("{FAE04EC0-301F-11D3-BF4B-00C04F79EFBC}") = "OperationResult.Tests", "OperationResult.Tests\OperationResult.Tests.csproj", "{FD2552CC-7B2E-40DC-A0CE-B7946972D6F5}"
EndProject
Project("{FAE04EC0-301F-11D3-BF4B-00C04F79EFBC}") = "OperationResult.Benchmarks", "OperationResult.Benchmarks\OperationResult.Benchmarks.csproj", "{1B62FB02-858A-454F-9F81-0AB7E83C94B8}"
EndProject
Global
	GlobalSection(SolutionConfigurationPlatforms) = preSolution
		Debug|Any CPU = Debug|Any CPU
		Release|Any CPU = Release|Any CPU
	EndGlobalSection
	GlobalSection(ProjectConfigurationPlatforms) = postSolution
		{BDA4CB62-00D6-4B41-B92D-DCC87B2C16D2}.Debug|Any CPU.ActiveCfg = Debug|Any CPU
		{BDA4CB62-00D6-4B41-B92D-DCC87B2C16D2}.Debug|Any CPU.Build.0 = Debug|Any CPU
		{BDA4CB62-00D6-4B41-B92D-DCC87B2C16D2}.Release|Any CPU.ActiveCfg = Release|Any CPU
		{BDA4CB62-00D6-4B41-B92D-DCC87B2C16D2}.Release|Any CPU.Build.0 = Release|Any CPU
		{FD2552CC-7B2E-40DC-A0CE-B7946972D6F5}.Debug|Any CPU.ActiveCfg = Debug|Any CPU
		{FD2552CC-7B2E-40DC-A0CE-B7946972D6F5}.Debug|Any CPU.Build.0 = Debug|Any CPU
		{FD2552CC-7B2E-40DC-A0CE-B7946972D6F5}.Release|Any CPU.ActiveCfg = Release|Any CPU
		{FD2552CC-7B2E-40DC-A0CE-B7946972D6F5}.Release|Any CPU.Build.0 = Release|Any CPU
		{1B62FB02-858A-454F-9F81-0AB7E83C94B8}.Debug|Any CPU.ActiveCfg = Debug|Any CPU
		{1B62FB02-858A-454F-9F81-0AB7E83C94B8}.Debug|Any CPU.Build.0 = Debug|Any CPU
		{1B62FB02-858A-454F-9F81-0AB7E83C94B8}.Release|Any CPU.ActiveCfg = Release|Any CPU
		{1B62FB02-858A-454F-9F81-0AB7E83C94B8}.Release|Any CPU.Build.0 = Release|Any CPU
	EndGlobalSection
	GlobalSection(SolutionProperties) = preSolution
		HideSolutionNode = FALSE
	EndGlobalSection
	GlobalSection(ExtensibilityGlobals) = postSolution
		SolutionGuid = {003185DB-8AA2-4A2D-94B4-ADA893CE6ADB}
	EndGlobalSection
EndGlobal
